dependencies:
- name: mongodb
  repository: https://charts.bitnami.com/bitnami
  version: 13.3.0
- name: redis
  repository: https://charts.bitnami.com/bitnami
  version: 17.3.8
- name: postgresql
  repository: https://charts.bitnami.com/bitnami
  version: 12.1.3
- name: keycloak
  repository: https://charts.bitnami.com/bitnami
  version: 12.2.0
- name: minio
  repository: https://charts.bitnami.com/bitnami
  version: 12.0.2
- name: ecom-ui
  repository: file://charts/ecom-ui
  version: 0.1.0
- name: product-service
  repository: file://charts/product-service
  version: 0.1.0
- name: cart-service
  repository: file://charts/cart-service
  version: 0.1.0
- name: user-service
  repository: file://charts/user-service
  version: 0.1.0
- name: filemanager-service
  repository: file://charts/filemanager-service
  version: 0.1.0
- name: order-service
  repository: file://charts/order-service
  version: 0.1.0
- name: inventory-service
  repository: file://charts/inventory-service
  version: 0.1.0
- name: orchestrator-service
  repository: file://charts/orchestrator-service
  version: 0.1.0
digest: sha256:a955e15760054784eba6a30b6b0c5fbf1c55b4b6e6bd480f4669c6b8fac78f5d
generated: "2023-06-23T19:37:59.3564348+05:30"
