dependencies:
- name: ecom-ui
  repository: file://../../applications/ecom-ui
  version: 0.1.0
- name: common-template
  repository: file://../../applications/common-template
  version: 0.1.0
- name: mongodb
  repository: https://charts.bitnami.com/bitnami
  version: 13.3.0
- name: redis
  repository: https://charts.bitnami.com/bitnami
  version: 17.3.8
- name: catalog
  repository: file://../../applications/catalog
  version: 0.1.0
- name: cart
  repository: file://../../applications/cart
  version: 0.1.0
digest: sha256:caaa16df86fcce02f254ee58005fa93d31748141f24469d5659417a39c424cb7
generated: "2022-11-22T18:34:19.2190726+05:30"
